docker.io/rancher/mirrored-pause:3.10.2 sha256:f548e0e8e3dc1896ca956272154dde3314e8cc4fde0a57577ee9fa1c63f5baf4
docker.io/rancher/mirrored-coredns-coredns:1.14.7 sha256:7efd3c635b03efd68c4e8398fc45f0d993d0e9ab016f72c1cefb0fd6d01aa286
docker.io/rancher/local-path-provisioner:v0.0.37 sha256:e757967a5ec338f6a9b371c5a9688bedaa8c3578ea3dd4db329ea0084be0a86f
docker.io/rancher/mirrored-library-busybox:1.37.0 sha256:101b4afd76732482eff9b95cae5f94bcf295e521fbec4e01b69c5421f3f3f3e5
docker.io/rancher/klipper-helm:v0.13.3-build20260727 sha256:5425a2b4613d2458dbdff99218e8d487ebb59c20e7a941f061c0777070f0aac1
